// !$*UTF8*$!
{
	archiveVersion = 1;
	classes = {
	};
	objectVersion = 56;
	objects = {

/* Begin PBXBuildFile section */
		058FA9062B9F04C500E5D598 /* practiceApp.swift in Sources */ = {isa = PBXBuildFile; fileRef = 058FA9052B9F04C500E5D598 /* practiceApp.swift */; };
		058FA9082B9F04C500E5D598 /* ContentView.swift in Sources */ = {isa = PBXBuildFile; fileRef = 058FA9072B9F04C500E5D598 /* ContentView.swift */; };
		058FA90A2B9F04C600E5D598 /* Assets.xcassets in Resources */ = {isa = PBXBuildFile; fileRef = 058FA9092B9F04C600E5D598 /* Assets.xcassets */; };
		058FA90E2B9F04C600E5D598 /* Preview Assets.xcassets in Resources */ = {isa = PBXBuildFile; fileRef = 058FA90D2B9F04C600E5D598 /* Preview Assets.xcassets */; };
		058FA9182B9F04C600E5D598 /* practiceTests.swift in Sources */ = {isa = PBXBuildFile; fileRef = 058FA9172B9F04C600E5D598 /* practiceTests.swift */; };
		058FA9222B9F04C600E5D598 /* practiceUITests.swift in Sources */ = {isa = PBXBuildFile; fileRef = 058FA9212B9F04C600E5D598 /* practiceUITests.swift */; };
		058FA9242B9F04C600E5D598 /* practiceUITestsLaunchTests.swift in Sources */ = {isa = PBXBuildFile; fileRef = 058FA9232B9F04C600E5D598 /* practiceUITestsLaunchTests.swift */; };
		058FA9312B9F054100E5D598 /* PCMDataProcessor.swift in Sources */ = {isa = PBXBuildFile; fileRef = 058FA9302B9F054100E5D598 /* PCMDataProcessor.swift */; };
		058FA9332B9F055C00E5D598 /* SoundRecorder.swift in Sources */ = {isa = PBXBuildFile; fileRef = 058FA9322B9F055C00E5D598 /* SoundRecorder.swift */; };
/* End PBXBuildFile section */

/* Begin PBXContainerItemProxy section */
		058FA9142B9F04C600E5D598 /* PBXContainerItemProxy */ = {
			isa = PBXContainerItemProxy;
			containerPortal = 058FA8FA2B9F04C500E5D598 /* Project object */;
			proxyType = 1;
			remoteGlobalIDString = 058FA9012B9F04C500E5D598;
			remoteInfo = practice;
		};
		058FA91E2B9F04C600E5D598 /* PBXContainerItemProxy */ = {
			isa = PBXContainerItemProxy;
			containerPortal = 058FA8FA2B9F04C500E5D598 /* Project object */;
			proxyType = 1;
			remoteGlobalIDString = 058FA9012B9F04C500E5D598;
			remoteInfo = practice;
		};
/* End PBXContainerItemProxy section */

/* Begin PBXFileReference section */
		058FA9022B9F04C500E5D598 /* practice.app */ = {isa = PBXFileReference; explicitFileType = wrapper.application; includeInIndex = 0; path = practice.app; sourceTree = BUILT_PRODUCTS_DIR; };
		058FA9052B9F04C500E5D598 /* practiceApp.swift */ = {isa = PBXFileReference; lastKnownFileType = sourcecode.swift; path = practiceApp.swift; sourceTree = "<group>"; };
		058FA9072B9F04C500E5D598 /* ContentView.swift */ = {isa = PBXFileReference; lastKnownFileType = sourcecode.swift; path = ContentView.swift; sourceTree = "<group>"; };
		058FA9092B9F04C600E5D598 /* Assets.xcassets */ = {isa = PBXFileReference; lastKnownFileType = folder.assetcatalog; path = Assets.xcassets; sourceTree = "<group>"; };
		058FA90B2B9F04C600E5D598 /* practice.entitlements */ = {isa = PBXFileReference; lastKnownFileType = text.plist.entitlements; path = practice.entitlements; sourceTree = "<group>"; };
		058FA90D2B9F04C600E5D598 /* Preview Assets.xcassets */ = {isa = PBXFileReference; lastKnownFileType = folder.assetcatalog; path = "Preview Assets.xcassets"; sourceTree = "<group>"; };
		058FA9132B9F04C600E5D598 /* practiceTests.xctest */ = {isa = PBXFileReference; explicitFileType = wrapper.cfbundle; includeInIndex = 0; path = practiceTests.xctest; sourceTree = BUILT_PRODUCTS_DIR; };
		058FA9172B9F04C600E5D598 /* practiceTests.swift */ = {isa = PBXFileReference; lastKnownFileType = sourcecode.swift; path = practiceTests.swift; sourceTree = "<group>"; };
		058FA91D2B9F04C600E5D598 /* practiceUITests.xctest */ = {isa = PBXFileReference; explicitFileType = wrapper.cfbundle; includeInIndex = 0; path = practiceUITests.xctest; sourceTree = BUILT_PRODUCTS_DIR; };
		058FA9212B9F04C600E5D598 /* practiceUITests.swift */ = {isa = PBXFileReference; lastKnownFileType = sourcecode.swift; path = practiceUITests.swift; sourceTree = "<group>"; };
		058FA9232B9F04C600E5D598 /* practiceUITestsLaunchTests.swift */ = {isa = PBXFileReference; lastKnownFileType = sourcecode.swift; path = practiceUITestsLaunchTests.swift; sourceTree = "<group>"; };
		058FA9302B9F054100E5D598 /* PCMDataProcessor.swift */ = {isa = PBXFileReference; lastKnownFileType = sourcecode.swift; path = PCMDataProcessor.swift; sourceTree = "<group>"; };
		058FA9322B9F055C00E5D598 /* SoundRecorder.swift */ = {isa = PBXFileReference; lastKnownFileType = sourcecode.swift; path = SoundRecorder.swift; sourceTree = "<group>"; };
		058FA9342B9F0FD900E5D598 /* Info.plist */ = {isa = PBXFileReference; lastKnownFileType = text.plist; path = Info.plist; sourceTree = "<group>"; };
/* End PBXFileReference section */

/* Begin PBXFrameworksBuildPhase section */
		058FA8FF2B9F04C500E5D598 /* Frameworks */ = {
			isa = PBXFrameworksBuildPhase;
			buildActionMask = 2147483647;
			files = (
			);
			runOnlyForDeploymentPostprocessing = 0;
		};
		058FA9102B9F04C600E5D598 /* Frameworks */ = {
			isa = PBXFrameworksBuildPhase;
			buildActionMask = 2147483647;
			files = (
			);
			runOnlyForDeploymentPostprocessing = 0;
		};
		058FA91A2B9F04C600E5D598 /* Frameworks */ = {
			isa = PBXFrameworksBuildPhase;
			buildActionMask = 2147483647;
			files = (
			);
			runOnlyForDeploymentPostprocessing = 0;
		};
/* End PBXFrameworksBuildPhase section */

/* Begin PBXGroup section */
		058FA8F92B9F04C500E5D598 = {
			isa = PBXGroup;
			children = (
				058FA9042B9F04C500E5D598 /* practice */,
				058FA9162B9F04C600E5D598 /* practiceTests */,
				058FA9202B9F04C600E5D598 /* practiceUITests */,
				058FA9032B9F04C500E5D598 /* Products */,
			);
			sourceTree = "<group>";
		};
		058FA9032B9F04C500E5D598 /* Products */ = {
			isa = PBXGroup;
			children = (
				058FA9022B9F04C500E5D598 /* practice.app */,
				058FA9132B9F04C600E5D598 /* practiceTests.xctest */,
				058FA91D2B9F04C600E5D598 /* practiceUITests.xctest */,
			);
			name = Products;
			sourceTree = "<group>";
		};
		058FA9042B9F04C500E5D598 /* practice */ = {
			isa = PBXGroup;
			children = (
				058FA9342B9F0FD900E5D598 /* Info.plist */,
				058FA9052B9F04C500E5D598 /* practiceApp.swift */,
				058FA9072B9F04C500E5D598 /* ContentView.swift */,
				058FA9092B9F04C600E5D598 /* Assets.xcassets */,
				058FA90B2B9F04C600E5D598 /* practice.entitlements */,
				058FA90C2B9F04C600E5D598 /* Preview Content */,
				058FA9302B9F054100E5D598 /* PCMDataProcessor.swift */,
				058FA9322B9F055C00E5D598 /* SoundRecorder.swift */,
			);
			path = practice;
			sourceTree = "<group>";
		};
		058FA90C2B9F04C600E5D598 /* Preview Content */ = {
			isa = PBXGroup;
			children = (
				058FA90D2B9F04C600E5D598 /* Preview Assets.xcassets */,
			);
			path = "Preview Content";
			sourceTree = "<group>";
		};
		058FA9162B9F04C600E5D598 /* practiceTests */ = {
			isa = PBXGroup;
			children = (
				058FA9172B9F04C600E5D598 /* practiceTests.swift */,
			);
			path = practiceTests;
			sourceTree = "<group>";
		};
		058FA9202B9F04C600E5D598 /* practiceUITests */ = {
			isa = PBXGroup;
			children = (
				058FA9212B9F04C600E5D598 /* practiceUITests.swift */,
				058FA9232B9F04C600E5D598 /* practiceUITestsLaunchTests.swift */,
			);
			path = practiceUITests;
			sourceTree = "<group>";
		};
/* End PBXGroup section */

/* Begin PBXNativeTarget section */
		058FA9012B9F04C500E5D598 /* practice */ = {
			isa = PBXNativeTarget;
			buildConfigurationList = 058FA9272B9F04C600E5D598 /* Build configuration list for PBXNativeTarget "practice" */;
			buildPhases = (
				058FA8FE2B9F04C500E5D598 /* Sources */,
				058FA8FF2B9F04C500E5D598 /* Frameworks */,
				058FA9002B9F04C500E5D598 /* Resources */,
			);
			buildRules = (
			);
			dependencies = (
			);
			name = practice;
			productName = practice;
			productReference = 058FA9022B9F04C500E5D598 /* practice.app */;
			productType = "com.apple.product-type.application";
		};
		058FA9122B9F04C600E5D598 /* practiceTests */ = {
			isa = PBXNativeTarget;
			buildConfigurationList = 058FA92A2B9F04C600E5D598 /* Build configuration list for PBXNativeTarget "practiceTests" */;
			buildPhases = (
				058FA90F2B9F04C600E5D598 /* Sources */,
				058FA9102B9F04C600E5D598 /* Frameworks */,
				058FA9112B9F04C600E5D598 /* Resources */,
			);
			buildRules = (
			);
			dependencies = (
				058FA9152B9F04C600E5D598 /* PBXTargetDependency */,
			);
			name = practiceTests;
			productName = practiceTests;
			productReference = 058FA9132B9F04C600E5D598 /* practiceTests.xctest */;
			productType = "com.apple.product-type.bundle.unit-test";
		};
		058FA91C2B9F04C600E5D598 /* practiceUITests */ = {
			isa = PBXNativeTarget;
			buildConfigurationList = 058FA92D2B9F04C600E5D598 /* Build configuration list for PBXNativeTarget "practiceUITests" */;
			buildPhases = (
				058FA9192B9F04C600E5D598 /* Sources */,
				058FA91A2B9F04C600E5D598 /* Frameworks */,
				058FA91B2B9F04C600E5D598 /* Resources */,
			);
			buildRules = (
			);
			dependencies = (
				058FA91F2B9F04C600E5D598 /* PBXTargetDependency */,
			);
			name = practiceUITests;
			productName = practiceUITests;
			productReference = 058FA91D2B9F04C600E5D598 /* practiceUITests.xctest */;
			productType = "com.apple.product-type.bundle.ui-testing";
		};
/* End PBXNativeTarget section */

/* Begin PBXProject section */
		058FA8FA2B9F04C500E5D598 /* Project object */ = {
			isa = PBXProject;
			attributes = {
				BuildIndependentTargetsInParallel = 1;
				LastSwiftUpdateCheck = 1530;
				LastUpgradeCheck = 1530;
				TargetAttributes = {
					058FA9012B9F04C500E5D598 = {
						CreatedOnToolsVersion = 15.3;
					};
					058FA9122B9F04C600E5D598 = {
						CreatedOnToolsVersion = 15.3;
						TestTargetID = 058FA9012B9F04C500E5D598;
					};
					058FA91C2B9F04C600E5D598 = {
						CreatedOnToolsVersion = 15.3;
						TestTargetID = 058FA9012B9F04C500E5D598;
					};
				};
			};
			buildConfigurationList = 058FA8FD2B9F04C500E5D598 /* Build configuration list for PBXProject "practice" */;
			compatibilityVersion = "Xcode 14.0";
			developmentRegion = en;
			hasScannedForEncodings = 0;
			knownRegions = (
				en,
				Base,
			);
			mainGroup = 058FA8F92B9F04C500E5D598;
			productRefGroup = 058FA9032B9F04C500E5D598 /* Products */;
			projectDirPath = "";
			projectRoot = "";
			targets = (
				058FA9012B9F04C500E5D598 /* practice */,
				058FA9122B9F04C600E5D598 /* practiceTests */,
				058FA91C2B9F04C600E5D598 /* practiceUITests */,
			);
		};
/* End PBXProject section */

/* Begin PBXResourcesBuildPhase section */
		058FA9002B9F04C500E5D598 /* Resources */ = {
			isa = PBXResourcesBuildPhase;
			buildActionMask = 2147483647;
			files = (
				058FA90E2B9F04C600E5D598 /* Preview Assets.xcassets in Resources */,
				058FA90A2B9F04C600E5D598 /* Assets.xcassets in Resources */,
			);
			runOnlyForDeploymentPostprocessing = 0;
		};
		058FA9112B9F04C600E5D598 /* Resources */ = {
			isa = PBXResourcesBuildPhase;
			buildActionMask = 2147483647;
			files = (
			);
			runOnlyForDeploymentPostprocessing = 0;
		};
		058FA91B2B9F04C600E5D598 /* Resources */ = {
			isa = PBXResourcesBuildPhase;
			buildActionMask = 2147483647;
			files = (
			);
			runOnlyForDeploymentPostprocessing = 0;
		};
/* End PBXResourcesBuildPhase section */

/* Begin PBXSourcesBuildPhase section */
		058FA8FE2B9F04C500E5D598 /* Sources */ = {
			isa = PBXSourcesBuildPhase;
			buildActionMask = 2147483647;
			files = (
				058FA9082B9F04C500E5D598 /* ContentView.swift in Sources */,
				058FA9332B9F055C00E5D598 /* SoundRecorder.swift in Sources */,
				058FA9312B9F054100E5D598 /* PCMDataProcessor.swift in Sources */,
				058FA9062B9F04C500E5D598 /* practiceApp.swift in Sources */,
			);
			runOnlyForDeploymentPostprocessing = 0;
		};
		058FA90F2B9F04C600E5D598 /* Sources */ = {
			isa = PBXSourcesBuildPhase;
			buildActionMask = 2147483647;
			files = (
				058FA9182B9F04C600E5D598 /* practiceTests.swift in Sources */,
			);
			runOnlyForDeploymentPostprocessing = 0;
		};
		058FA9192B9F04C600E5D598 /* Sources */ = {
			isa = PBXSourcesBuildPhase;
			buildActionMask = 2147483647;
			files = (
				058FA9242B9F04C600E5D598 /* practiceUITestsLaunchTests.swift in Sources */,
				058FA9222B9F04C600E5D598 /* practiceUITests.swift in Sources */,
			);
			runOnlyForDeploymentPostprocessing = 0;
		};
/* End PBXSourcesBuildPhase section */

/* Begin PBXTargetDependency section */
		058FA9152B9F04C600E5D598 /* PBXTargetDependency */ = {
			isa = PBXTargetDependency;
			target = 058FA9012B9F04C500E5D598 /* practice */;
			targetProxy = 058FA9142B9F04C600E5D598 /* PBXContainerItemProxy */;
		};
		058FA91F2B9F04C600E5D598 /* PBXTargetDependency */ = {
			isa = PBXTargetDependency;
			target = 058FA9012B9F04C500E5D598 /* practice */;
			targetProxy = 058FA91E2B9F04C600E5D598 /* PBXContainerItemProxy */;
		};
/* End PBXTargetDependency section */

/* Begin XCBuildConfiguration section */
		058FA9252B9F04C600E5D598 /* Debug */ = {
			isa = XCBuildConfiguration;
			buildSettings = {
				ALWAYS_SEARCH_USER_PATHS = NO;
				ASSETCATALOG_COMPILER_GENERATE_SWIFT_ASSET_SYMBOL_EXTENSIONS = YES;
				CLANG_ANALYZER_NONNULL = YES;
				CLANG_ANALYZER_NUMBER_OBJECT_CONVERSION = YES_AGGRESSIVE;
				CLANG_CXX_LANGUAGE_STANDARD = "gnu++20";
				CLANG_ENABLE_MODULES = YES;
				CLANG_ENABLE_OBJC_ARC = YES;
				CLANG_ENABLE_OBJC_WEAK = YES;
				CLANG_WARN_BLOCK_CAPTURE_AUTORELEASING = YES;
				CLANG_WARN_BOOL_CONVERSION = YES;
				CLANG_WARN_COMMA = YES;
				CLANG_WARN_CONSTANT_CONVERSION = YES;
				CLANG_WARN_DEPRECATED_OBJC_IMPLEMENTATIONS = YES;
				CLANG_WARN_DIRECT_OBJC_ISA_USAGE = YES_ERROR;
				CLANG_WARN_DOCUMENTATION_COMMENTS = YES;
				CLANG_WARN_EMPTY_BODY = YES;
				CLANG_WARN_ENUM_CONVERSION = YES;
				CLANG_WARN_INFINITE_RECURSION = YES;
				CLANG_WARN_INT_CONVERSION = YES;
				CLANG_WARN_NON_LITERAL_NULL_CONVERSION = YES;
				CLANG_WARN_OBJC_IMPLICIT_RETAIN_SELF = YES;
				CLANG_WARN_OBJC_LITERAL_CONVERSION = YES;
				CLANG_WARN_OBJC_ROOT_CLASS = YES_ERROR;
				CLANG_WARN_QUOTED_INCLUDE_IN_FRAMEWORK_HEADER = YES;
				CLANG_WARN_RANGE_LOOP_ANALYSIS = YES;
				CLANG_WARN_STRICT_PROTOTYPES = YES;
				CLANG_WARN_SUSPICIOUS_MOVE = YES;
				CLANG_WARN_UNGUARDED_AVAILABILITY = YES_AGGRESSIVE;
				CLANG_WARN_UNREACHABLE_CODE = YES;
				CLANG_WARN__DUPLICATE_METHOD_MATCH = YES;
				COPY_PHASE_STRIP = NO;
				DEBUG_INFORMATION_FORMAT = dwarf;
				ENABLE_STRICT_OBJC_MSGSEND = YES;
				ENABLE_TESTABILITY = YES;
				ENABLE_USER_SCRIPT_SANDBOXING = YES;
				GCC_C_LANGUAGE_STANDARD = gnu17;
				GCC_DYNAMIC_NO_PIC = NO;
				GCC_NO_COMMON_BLOCKS = YES;
				GCC_OPTIMIZATION_LEVEL = 0;
				GCC_PREPROCESSOR_DEFINITIONS = (
					"DEBUG=1",
					"$(inherited)",
				);
				GCC_WARN_64_TO_32_BIT_CONVERSION = YES;
				GCC_WARN_ABOUT_RETURN_TYPE = YES_ERROR;
				GCC_WARN_UNDECLARED_SELECTOR = YES;
				GCC_WARN_UNINITIALIZED_AUTOS = YES_AGGRESSIVE;
				GCC_WARN_UNUSED_FUNCTION = YES;
				GCC_WARN_UNUSED_VARIABLE = YES;
				LOCALIZATION_PREFERS_STRING_CATALOGS = YES;
				MTL_ENABLE_DEBUG_INFO = INCLUDE_SOURCE;
				MTL_FAST_MATH = YES;
				ONLY_ACTIVE_ARCH = YES;
				SWIFT_ACTIVE_COMPILATION_CONDITIONS = "DEBUG $(inherited)";
				SWIFT_OPTIMIZATION_LEVEL = "-Onone";
			};
			name = Debug;
		};
		058FA9262B9F04C600E5D598 /* Release */ = {
			isa = XCBuildConfiguration;
			buildSettings = {
				ALWAYS_SEARCH_USER_PATHS = NO;
				ASSETCATALOG_COMPILER_GENERATE_SWIFT_ASSET_SYMBOL_EXTENSIONS = YES;
				CLANG_ANALYZER_NONNULL = YES;
				CLANG_ANALYZER_NUMBER_OBJECT_CONVERSION = YES_AGGRESSIVE;
				CLANG_CXX_LANGUAGE_STANDARD = "gnu++20";
				CLANG_ENABLE_MODULES = YES;
				CLANG_ENABLE_OBJC_ARC = YES;
				CLANG_ENABLE_OBJC_WEAK = YES;
				CLANG_WARN_BLOCK_CAPTURE_AUTORELEASING = YES;
				CLANG_WARN_BOOL_CONVERSION = YES;
				CLANG_WARN_COMMA = YES;
				CLANG_WARN_CONSTANT_CONVERSION = YES;
				CLANG_WARN_DEPRECATED_OBJC_IMPLEMENTATIONS = YES;
				CLANG_WARN_DIRECT_OBJC_ISA_USAGE = YES_ERROR;
				CLANG_WARN_DOCUMENTATION_COMMENTS = YES;
				CLANG_WARN_EMPTY_BODY = YES;
				CLANG_WARN_ENUM_CONVERSION = YES;
				CLANG_WARN_INFINITE_RECURSION = YES;
				CLANG_WARN_INT_CONVERSION = YES;
				CLANG_WARN_NON_LITERAL_NULL_CONVERSION = YES;
				CLANG_WARN_OBJC_IMPLICIT_RETAIN_SELF = YES;
				CLANG_WARN_OBJC_LITERAL_CONVERSION = YES;
				CLANG_WARN_OBJC_ROOT_CLASS = YES_ERROR;
				CLANG_WARN_QUOTED_INCLUDE_IN_FRAMEWORK_HEADER = YES;
				CLANG_WARN_RANGE_LOOP_ANALYSIS = YES;
				CLANG_WARN_STRICT_PROTOTYPES = YES;
				CLANG_WARN_SUSPICIOUS_MOVE = YES;
				CLANG_WARN_UNGUARDED_AVAILABILITY = YES_AGGRESSIVE;
				CLANG_WARN_UNREACHABLE_CODE = YES;
				CLANG_WARN__DUPLICATE_METHOD_MATCH = YES;
				COPY_PHASE_STRIP = NO;
				DEBUG_INFORMATION_FORMAT = "dwarf-with-dsym";
				ENABLE_NS_ASSERTIONS = NO;
				ENABLE_STRICT_OBJC_MSGSEND = YES;
				ENABLE_USER_SCRIPT_SANDBOXING = YES;
				GCC_C_LANGUAGE_STANDARD = gnu17;
				GCC_NO_COMMON_BLOCKS = YES;
				GCC_WARN_64_TO_32_BIT_CONVERSION = YES;
				GCC_WARN_ABOUT_RETURN_TYPE = YES_ERROR;
				GCC_WARN_UNDECLARED_SELECTOR = YES;
				GCC_WARN_UNINITIALIZED_AUTOS = YES_AGGRESSIVE;
				GCC_WARN_UNUSED_FUNCTION = YES;
				GCC_WARN_UNUSED_VARIABLE = YES;
				LOCALIZATION_PREFERS_STRING_CATALOGS = YES;
				MTL_ENABLE_DEBUG_INFO = NO;
				MTL_FAST_MATH = YES;
				SWIFT_COMPILATION_MODE = wholemodule;
			};
			name = Release;
		};
		058FA9282B9F04C600E5D598 /* Debug */ = {
			isa = XCBuildConfiguration;
			buildSettings = {
				ASSETCATALOG_COMPILER_APPICON_NAME = AppIcon;
				ASSETCATALOG_COMPILER_GLOBAL_ACCENT_COLOR_NAME = AccentColor;
				CODE_SIGN_ENTITLEMENTS = practice/practice.entitlements;
				CODE_SIGN_STYLE = Automatic;
				CURRENT_PROJECT_VERSION = 1;
				DEVELOPMENT_ASSET_PATHS = "\"practice/Preview Content\"";
				DEVELOPMENT_TEAM = Z58A39KZ8N;
				ENABLE_PREVIEWS = YES;
				GENERATE_INFOPLIST_FILE = YES;
				INFOPLIST_FILE = practice/Info.plist;
				INFOPLIST_KEY_LSApplicationCategoryType = "";
				INFOPLIST_KEY_NSMicrophoneUsageDescription = "MyCoolApp uses the microphone to make you sound like Geddy circa '76.";
				"INFOPLIST_KEY_UIApplicationSceneManifest_Generation[sdk=iphoneos*]" = YES;
				"INFOPLIST_KEY_UIApplicationSceneManifest_Generation[sdk=iphonesimulator*]" = YES;
				"INFOPLIST_KEY_UIApplicationSupportsIndirectInputEvents[sdk=iphoneos*]" = YES;
				"INFOPLIST_KEY_UIApplicationSupportsIndirectInputEvents[sdk=iphonesimulator*]" = YES;
				"INFOPLIST_KEY_UILaunchScreen_Generation[sdk=iphoneos*]" = YES;
				"INFOPLIST_KEY_UILaunchScreen_Generation[sdk=iphonesimulator*]" = YES;
				"INFOPLIST_KEY_UIStatusBarStyle[sdk=iphoneos*]" = UIStatusBarStyleDefault;
				"INFOPLIST_KEY_UIStatusBarStyle[sdk=iphonesimulator*]" = UIStatusBarStyleDefault;
				INFOPLIST_KEY_UISupportedInterfaceOrientations_iPad = "UIInterfaceOrientationPortrait UIInterfaceOrientationPortraitUpsideDown UIInterfaceOrientationLandscapeLeft UIInterfaceOrientationLandscapeRight";
				INFOPLIST_KEY_UISupportedInterfaceOrientations_iPhone = "UIInterfaceOrientationPortrait UIInterfaceOrientationLandscapeLeft UIInterfaceOrientationLandscapeRight";
				IPHONEOS_DEPLOYMENT_TARGET = 15.0;
				LD_RUNPATH_SEARCH_PATHS = "@executable_path/Frameworks";
				"LD_RUNPATH_SEARCH_PATHS[sdk=macosx*]" = "@executable_path/../Frameworks";
				MACOSX_DEPLOYMENT_TARGET = 14.4;
				MARKETING_VERSION = 1.0;
				PRODUCT_BUNDLE_IDENTIFIER = com.ki.practice;
				PRODUCT_NAME = "$(TARGET_NAME)";
				SDKROOT = auto;
				SUPPORTED_PLATFORMS = "iphoneos iphonesimulator";
				SUPPORTS_MACCATALYST = NO;
				SWIFT_EMIT_LOC_STRINGS = YES;
				SWIFT_VERSION = 5.0;
				TARGETED_DEVICE_FAMILY = "1,2";
			};
			name = Debug;
		};
		058FA9292B9F04C600E5D598 /* Release */ = {
			isa = XCBuildConfiguration;
			buildSettings = {
				ASSETCATALOG_COMPILER_APPICON_NAME = AppIcon;
				ASSETCATALOG_COMPILER_GLOBAL_ACCENT_COLOR_NAME = AccentColor;
				CODE_SIGN_ENTITLEMENTS = practice/practice.entitlements;
				CODE_SIGN_STYLE = Automatic;
				CURRENT_PROJECT_VERSION = 1;
				DEVELOPMENT_ASSET_PATHS = "\"practice/Preview Content\"";
				DEVELOPMENT_TEAM = Z58A39KZ8N;
				ENABLE_PREVIEWS = YES;
				GENERATE_INFOPLIST_FILE = YES;
				INFOPLIST_FILE = practice/Info.plist;
				INFOPLIST_KEY_LSApplicationCategoryType = "";
				INFOPLIST_KEY_NSMicrophoneUsageDescription = "MyCoolApp uses the microphone to make you sound like Geddy circa '76.";
				"INFOPLIST_KEY_UIApplicationSceneManifest_Generation[sdk=iphoneos*]" = YES;
				"INFOPLIST_KEY_UIApplicationSceneManifest_Generation[sdk=iphonesimulator*]" = YES;
				"INFOPLIST_KEY_UIApplicationSupportsIndirectInputEvents[sdk=iphoneos*]" = YES;
				"INFOPLIST_KEY_UIApplicationSupportsIndirectInputEvents[sdk=iphonesimulator*]" = YES;
				"INFOPLIST_KEY_UILaunchScreen_Generation[sdk=iphoneos*]" = YES;
				"INFOPLIST_KEY_UILaunchScreen_Generation[sdk=iphonesimulator*]" = YES;
				"INFOPLIST_KEY_UIStatusBarStyle[sdk=iphoneos*]" = UIStatusBarStyleDefault;
				"INFOPLIST_KEY_UIStatusBarStyle[sdk=iphonesimulator*]" = UIStatusBarStyleDefault;
				INFOPLIST_KEY_UISupportedInterfaceOrientations_iPad = "UIInterfaceOrientationPortrait UIInterfaceOrientationPortraitUpsideDown UIInterfaceOrientationLandscapeLeft UIInterfaceOrientationLandscapeRight";
				INFOPLIST_KEY_UISupportedInterfaceOrientations_iPhone = "UIInterfaceOrientationPortrait UIInterfaceOrientationLandscapeLeft UIInterfaceOrientationLandscapeRight";
				IPHONEOS_DEPLOYMENT_TARGET = 15.0;
				LD_RUNPATH_SEARCH_PATHS = "@executable_path/Frameworks";
				"LD_RUNPATH_SEARCH_PATHS[sdk=macosx*]" = "@executable_path/../Frameworks";
				MACOSX_DEPLOYMENT_TARGET = 14.4;
				MARKETING_VERSION = 1.0;
				PRODUCT_BUNDLE_IDENTIFIER = com.ki.practice;
				PRODUCT_NAME = "$(TARGET_NAME)";
				SDKROOT = auto;
				SUPPORTED_PLATFORMS = "iphoneos iphonesimulator";
				SUPPORTS_MACCATALYST = NO;
				SWIFT_EMIT_LOC_STRINGS = YES;
				SWIFT_VERSION = 5.0;
				TARGETED_DEVICE_FAMILY = "1,2";
			};
			name = Release;
		};
		058FA92B2B9F04C600E5D598 /* Debug */ = {
			isa = XCBuildConfiguration;
			buildSettings = {
				ALWAYS_EMBED_SWIFT_STANDARD_LIBRARIES = YES;
				BUNDLE_LOADER = "$(TEST_HOST)";
				CODE_SIGN_STYLE = Automatic;
				CURRENT_PROJECT_VERSION = 1;
				GENERATE_INFOPLIST_FILE = YES;
				IPHONEOS_DEPLOYMENT_TARGET = 17.4;
				MACOSX_DEPLOYMENT_TARGET = 14.4;
				MARKETING_VERSION = 1.0;
				PRODUCT_BUNDLE_IDENTIFIER = com.ki.practiceTests;
				PRODUCT_NAME = "$(TARGET_NAME)";
				SDKROOT = auto;
				SUPPORTED_PLATFORMS = "iphoneos iphonesimulator macosx";
				SWIFT_EMIT_LOC_STRINGS = NO;
				SWIFT_VERSION = 5.0;
				TARGETED_DEVICE_FAMILY = "1,2";
				TEST_HOST = "$(BUILT_PRODUCTS_DIR)/practice.app/$(BUNDLE_EXECUTABLE_FOLDER_PATH)/practice";
			};
			name = Debug;
		};
		058FA92C2B9F04C600E5D598 /* Release */ = {
			isa = XCBuildConfiguration;
			buildSettings = {
				ALWAYS_EMBED_SWIFT_STANDARD_LIBRARIES = YES;
				BUNDLE_LOADER = "$(TEST_HOST)";
				CODE_SIGN_STYLE = Automatic;
				CURRENT_PROJECT_VERSION = 1;
				GENERATE_INFOPLIST_FILE = YES;
				IPHONEOS_DEPLOYMENT_TARGET = 17.4;
				MACOSX_DEPLOYMENT_TARGET = 14.4;
				MARKETING_VERSION = 1.0;
				PRODUCT_BUNDLE_IDENTIFIER = com.ki.practiceTests;
				PRODUCT_NAME = "$(TARGET_NAME)";
				SDKROOT = auto;
				SUPPORTED_PLATFORMS = "iphoneos iphonesimulator macosx";
				SWIFT_EMIT_LOC_STRINGS = NO;
				SWIFT_VERSION = 5.0;
				TARGETED_DEVICE_FAMILY = "1,2";
				TEST_HOST = "$(BUILT_PRODUCTS_DIR)/practice.app/$(BUNDLE_EXECUTABLE_FOLDER_PATH)/practice";
			};
			name = Release;
		};
		058FA92E2B9F04C600E5D598 /* Debug */ = {
			isa = XCBuildConfiguration;
			buildSettings = {
				ALWAYS_EMBED_SWIFT_STANDARD_LIBRARIES = YES;
				CODE_SIGN_STYLE = Automatic;
				CURRENT_PROJECT_VERSION = 1;
				GENERATE_INFOPLIST_FILE = YES;
				IPHONEOS_DEPLOYMENT_TARGET = 17.4;
				MACOSX_DEPLOYMENT_TARGET = 14.4;
				MARKETING_VERSION = 1.0;
				PRODUCT_BUNDLE_IDENTIFIER = com.ki.practiceUITests;
				PRODUCT_NAME = "$(TARGET_NAME)";
				SDKROOT = auto;
				SUPPORTED_PLATFORMS = "iphoneos iphonesimulator macosx";
				SWIFT_EMIT_LOC_STRINGS = NO;
				SWIFT_VERSION = 5.0;
				TARGETED_DEVICE_FAMILY = "1,2";
				TEST_TARGET_NAME = practice;
			};
			name = Debug;
		};
		058FA92F2B9F04C600E5D598 /* Release */ = {
			isa = XCBuildConfiguration;
			buildSettings = {
				ALWAYS_EMBED_SWIFT_STANDARD_LIBRARIES = YES;
				CODE_SIGN_STYLE = Automatic;
				CURRENT_PROJECT_VERSION = 1;
				GENERATE_INFOPLIST_FILE = YES;
				IPHONEOS_DEPLOYMENT_TARGET = 17.4;
				MACOSX_DEPLOYMENT_TARGET = 14.4;
				MARKETING_VERSION = 1.0;
				PRODUCT_BUNDLE_IDENTIFIER = com.ki.practiceUITests;
				PRODUCT_NAME = "$(TARGET_NAME)";
				SDKROOT = auto;
				SUPPORTED_PLATFORMS = "iphoneos iphonesimulator macosx";
				SWIFT_EMIT_LOC_STRINGS = NO;
				SWIFT_VERSION = 5.0;
				TARGETED_DEVICE_FAMILY = "1,2";
				TEST_TARGET_NAME = practice;
			};
			name = Release;
		};
/* End XCBuildConfiguration section */

/* Begin XCConfigurationList section */
		058FA8FD2B9F04C500E5D598 /* Build configuration list for PBXProject "practice" */ = {
			isa = XCConfigurationList;
			buildConfigurations = (
				058FA9252B9F04C600E5D598 /* Debug */,
				058FA9262B9F04C600E5D598 /* Release */,
			);
			defaultConfigurationIsVisible = 0;
			defaultConfigurationName = Release;
		};
		058FA9272B9F04C600E5D598 /* Build configuration list for PBXNativeTarget "practice" */ = {
			isa = XCConfigurationList;
			buildConfigurations = (
				058FA9282B9F04C600E5D598 /* Debug */,
				058FA9292B9F04C600E5D598 /* Release */,
			);
			defaultConfigurationIsVisible = 0;
			defaultConfigurationName = Release;
		};
		058FA92A2B9F04C600E5D598 /* Build configuration list for PBXNativeTarget "practiceTests" */ = {
			isa = XCConfigurationList;
			buildConfigurations = (
				058FA92B2B9F04C600E5D598 /* Debug */,
				058FA92C2B9F04C600E5D598 /* Release */,
			);
			defaultConfigurationIsVisible = 0;
			defaultConfigurationName = Release;
		};
		058FA92D2B9F04C600E5D598 /* Build configuration list for PBXNativeTarget "practiceUITests" */ = {
			isa = XCConfigurationList;
			buildConfigurations = (
				058FA92E2B9F04C600E5D598 /* Debug */,
				058FA92F2B9F04C600E5D598 /* Release */,
			);
			defaultConfigurationIsVisible = 0;
			defaultConfigurationName = Release;
		};
/* End XCConfigurationList section */
	};
	rootObject = 058FA8FA2B9F04C500E5D598 /* Project object */;
}
